// !$*UTF8*$!
{
	archiveVersion = 1;
	classes = {
	};
	objectVersion = 46;
	objects = {

/* Begin PBXBuildFile section */
		F61292CB1E4CA54C00051B24 /* FormPasswordItemData.swift in Sources */ = {isa = PBXBuildFile; fileRef = F61292CA1E4CA54C00051B24 /* FormPasswordItemData.swift */; };
		F61292CD1E4CA57900051B24 /* FormPasswordItemCell.swift in Sources */ = {isa = PBXBuildFile; fileRef = F61292CC1E4CA57900051B24 /* FormPasswordItemCell.swift */; };
		F63A78A31E4B2FDA004FE25E /* SettingsModule.swift in Sources */ = {isa = PBXBuildFile; fileRef = F63A78A21E4B2FDA004FE25E /* SettingsModule.swift */; };
		F63A78A61E4B3EA7004FE25E /* Form.swift in Sources */ = {isa = PBXBuildFile; fileRef = F63A78A51E4B3EA7004FE25E /* Form.swift */; };
		F63A78AA1E4B3EE8004FE25E /* FormValueItemData.swift in Sources */ = {isa = PBXBuildFile; fileRef = F63A78A91E4B3EE8004FE25E /* FormValueItemData.swift */; };
		F63A78AF1E4B3F0C004FE25E /* FormButtonItemData.swift in Sources */ = {isa = PBXBuildFile; fileRef = F63A78AB1E4B3F0C004FE25E /* FormButtonItemData.swift */; };
		F63A78B01E4B3F0C004FE25E /* FormSectionData.swift in Sources */ = {isa = PBXBuildFile; fileRef = F63A78AC1E4B3F0C004FE25E /* FormSectionData.swift */; };
		F63A78B11E4B3F0C004FE25E /* FormTextItemData.swift in Sources */ = {isa = PBXBuildFile; fileRef = F63A78AD1E4B3F0C004FE25E /* FormTextItemData.swift */; };
		F63A78B21E4B3F0C004FE25E /* FormURLItemData.swift in Sources */ = {isa = PBXBuildFile; fileRef = F63A78AE1E4B3F0C004FE25E /* FormURLItemData.swift */; };
		F63A78B71E4B3F30004FE25E /* FormButtonItemCell.swift in Sources */ = {isa = PBXBuildFile; fileRef = F63A78B31E4B3F30004FE25E /* FormButtonItemCell.swift */; };
		F63A78B81E4B3F30004FE25E /* FormTextItemCell.swift in Sources */ = {isa = PBXBuildFile; fileRef = F63A78B41E4B3F30004FE25E /* FormTextItemCell.swift */; };
		F63A78B91E4B3F30004FE25E /* FormURLItemCell.swift in Sources */ = {isa = PBXBuildFile; fileRef = F63A78B51E4B3F30004FE25E /* FormURLItemCell.swift */; };
		F63A78BA1E4B3F30004FE25E /* FormValueItemCell.swift in Sources */ = {isa = PBXBuildFile; fileRef = F63A78B61E4B3F30004FE25E /* FormValueItemCell.swift */; };
		F63A78BE1E4B3FBA004FE25E /* UITableViewCellAction.swift in Sources */ = {isa = PBXBuildFile; fileRef = F63A78BC1E4B3FBA004FE25E /* UITableViewCellAction.swift */; };
		F63A78BF1E4B3FBA004FE25E /* UICollectionViewCellAction.swift in Sources */ = {isa = PBXBuildFile; fileRef = F63A78BD1E4B3FBA004FE25E /* UICollectionViewCellAction.swift */; };
		F63A78C21E4B4102004FE25E /* FormViewController.swift in Sources */ = {isa = PBXBuildFile; fileRef = F63A78C11E4B4102004FE25E /* FormViewController.swift */; };
		F63D05AF1E4B860C0047F7F0 /* SettingsDataSource.swift in Sources */ = {isa = PBXBuildFile; fileRef = F63D05AE1E4B860C0047F7F0 /* SettingsDataSource.swift */; };
		F63D05B11E4B86230047F7F0 /* SettingsPresenter.swift in Sources */ = {isa = PBXBuildFile; fileRef = F63D05B01E4B86230047F7F0 /* SettingsPresenter.swift */; };
		F63D05B31E4B865F0047F7F0 /* SettingsView.swift in Sources */ = {isa = PBXBuildFile; fileRef = F63D05B21E4B865F0047F7F0 /* SettingsView.swift */; };
		F63D05B51E4B86720047F7F0 /* SettingsViewController.swift in Sources */ = {isa = PBXBuildFile; fileRef = F63D05B41E4B86720047F7F0 /* SettingsViewController.swift */; };
		F63D928D1E646622004618DF /* ResourceDetailsModule.swift in Sources */ = {isa = PBXBuildFile; fileRef = F63D928C1E646622004618DF /* ResourceDetailsModule.swift */; };
		F63D928F1E646D45004618DF /* ResourceDetailsDataSource.swift in Sources */ = {isa = PBXBuildFile; fileRef = F63D928E1E646D45004618DF /* ResourceDetailsDataSource.swift */; };
		F63F523F1E48AFAA006DAF83 /* CloudUI.framework in Frameworks */ = {isa = PBXBuildFile; fileRef = F63F52351E48AFAA006DAF83 /* CloudUI.framework */; };
		F63F52441E48AFAA006DAF83 /* CloudUITests.swift in Sources */ = {isa = PBXBuildFile; fileRef = F63F52431E48AFAA006DAF83 /* CloudUITests.swift */; };
		F63F52461E48AFAA006DAF83 /* CloudUI.h in Headers */ = {isa = PBXBuildFile; fileRef = F63F52381E48AFAA006DAF83 /* CloudUI.h */; settings = {ATTRIBUTES = (Public, ); }; };
		F63F52591E48B24A006DAF83 /* Fountain.framework in Frameworks */ = {isa = PBXBuildFile; fileRef = F63F52541E48B24A006DAF83 /* Fountain.framework */; };
		F63F525A1E48B24A006DAF83 /* PureXML.framework in Frameworks */ = {isa = PBXBuildFile; fileRef = F63F52551E48B24A006DAF83 /* PureXML.framework */; };
		F63F525B1E48B24A006DAF83 /* SQLite.framework in Frameworks */ = {isa = PBXBuildFile; fileRef = F63F52561E48B24A006DAF83 /* SQLite.framework */; };
		F63F525E1E48B255006DAF83 /* Fountain.framework in Frameworks */ = {isa = PBXBuildFile; fileRef = F63F52541E48B24A006DAF83 /* Fountain.framework */; };
		F63F525F1E48B255006DAF83 /* PureXML.framework in Frameworks */ = {isa = PBXBuildFile; fileRef = F63F52551E48B24A006DAF83 /* PureXML.framework */; };
		F63F52601E48B255006DAF83 /* SQLite.framework in Frameworks */ = {isa = PBXBuildFile; fileRef = F63F52561E48B24A006DAF83 /* SQLite.framework */; };
		F63F52651E48B350006DAF83 /* UserInterfaceModule.swift in Sources */ = {isa = PBXBuildFile; fileRef = F63F52641E48B350006DAF83 /* UserInterfaceModule.swift */; };
		F63F52711E48B3AC006DAF83 /* AccountListModule.swift in Sources */ = {isa = PBXBuildFile; fileRef = F63F526B1E48B3AC006DAF83 /* AccountListModule.swift */; };
		F63F52721E48B3AC006DAF83 /* AccountListPresenter.swift in Sources */ = {isa = PBXBuildFile; fileRef = F63F526C1E48B3AC006DAF83 /* AccountListPresenter.swift */; };
		F63F52731E48B3AC006DAF83 /* AccountListDataSource.swift in Sources */ = {isa = PBXBuildFile; fileRef = F63F526D1E48B3AC006DAF83 /* AccountListDataSource.swift */; };
		F63F52741E48B3AC006DAF83 /* AccountListView.swift in Sources */ = {isa = PBXBuildFile; fileRef = F63F526E1E48B3AC006DAF83 /* AccountListView.swift */; };
		F63F52751E48B3AC006DAF83 /* AccountListViewController.swift in Sources */ = {isa = PBXBuildFile; fileRef = F63F526F1E48B3AC006DAF83 /* AccountListViewController.swift */; };
		F63F52761E48B3AC006DAF83 /* AccountListCell.swift in Sources */ = {isa = PBXBuildFile; fileRef = F63F52701E48B3AC006DAF83 /* AccountListCell.swift */; };
		F63F52781E48B3B3006DAF83 /* MainModule.swift in Sources */ = {isa = PBXBuildFile; fileRef = F63F52771E48B3B3006DAF83 /* MainModule.swift */; };
		F63F527C1E48B3C0006DAF83 /* ResourceBrowserModule.swift in Sources */ = {isa = PBXBuildFile; fileRef = F63F527B1E48B3C0006DAF83 /* ResourceBrowserModule.swift */; };
		F63F52831E48B3CB006DAF83 /* ResourceListModule.swift in Sources */ = {isa = PBXBuildFile; fileRef = F63F527D1E48B3CB006DAF83 /* ResourceListModule.swift */; };
		F63F52841E48B3CB006DAF83 /* ResourceListPresenter.swift in Sources */ = {isa = PBXBuildFile; fileRef = F63F527E1E48B3CB006DAF83 /* ResourceListPresenter.swift */; };
		F63F52851E48B3CB006DAF83 /* ResourceListDataSource.swift in Sources */ = {isa = PBXBuildFile; fileRef = F63F527F1E48B3CB006DAF83 /* ResourceListDataSource.swift */; };
		F63F52861E48B3CB006DAF83 /* ResourceListView.swift in Sources */ = {isa = PBXBuildFile; fileRef = F63F52801E48B3CB006DAF83 /* ResourceListView.swift */; };
		F63F52871E48B3CB006DAF83 /* ResourceListViewController.swift in Sources */ = {isa = PBXBuildFile; fileRef = F63F52811E48B3CB006DAF83 /* ResourceListViewController.swift */; };
		F63F52881E48B3CB006DAF83 /* ResourceListCell.swift in Sources */ = {isa = PBXBuildFile; fileRef = F63F52821E48B3CB006DAF83 /* ResourceListCell.swift */; };
		F67DACF21E5D90E100C16B8E /* DownloadButton.swift in Sources */ = {isa = PBXBuildFile; fileRef = F67DACF11E5D90E100C16B8E /* DownloadButton.swift */; };
		F67DACF41E5D91F400C16B8E /* StyleKit.swift in Sources */ = {isa = PBXBuildFile; fileRef = F67DACF31E5D91F400C16B8E /* StyleKit.swift */; };
		F67DACF61E5D94ED00C16B8E /* ProgressView.swift in Sources */ = {isa = PBXBuildFile; fileRef = F67DACF51E5D94ED00C16B8E /* ProgressView.swift */; };
		F6E83A6C1E6AB6DF001CD205 /* SettingsDataSourceTests.swift in Sources */ = {isa = PBXBuildFile; fileRef = F6E83A6B1E6AB6DF001CD205 /* SettingsDataSourceTests.swift */; };
		F6E83A6F1E6ABD82001CD205 /* CloudService.framework in Frameworks */ = {isa = PBXBuildFile; fileRef = F6E83A6D1E6ABD82001CD205 /* CloudService.framework */; };
		F6E83A701E6ABD82001CD205 /* KeyChain.framework in Frameworks */ = {isa = PBXBuildFile; fileRef = F6E83A6E1E6ABD82001CD205 /* KeyChain.framework */; };
		F6E83A711E6ABD90001CD205 /* CloudService.framework in Frameworks */ = {isa = PBXBuildFile; fileRef = F6E83A6D1E6ABD82001CD205 /* CloudService.framework */; };
		F6E83A721E6ABD90001CD205 /* KeyChain.framework in Frameworks */ = {isa = PBXBuildFile; fileRef = F6E83A6E1E6ABD82001CD205 /* KeyChain.framework */; };
		F6E83A751E6AC236001CD205 /* CloudServiceSettingsInteractor.swift in Sources */ = {isa = PBXBuildFile; fileRef = F6E83A731E6AC0A2001CD205 /* CloudServiceSettingsInteractor.swift */; };
/* End PBXBuildFile section */

/* Begin PBXContainerItemProxy section */
		F63F52401E48AFAA006DAF83 /* PBXContainerItemProxy */ = {
			isa = PBXContainerItemProxy;
			containerPortal = F63F522C1E48AFAA006DAF83 /* Project object */;
			proxyType = 1;
			remoteGlobalIDString = F63F52341E48AFAA006DAF83;
			remoteInfo = CloudUI;
		};
/* End PBXContainerItemProxy section */

/* Begin PBXFileReference section */
		F61292CA1E4CA54C00051B24 /* FormPasswordItemData.swift */ = {isa = PBXFileReference; fileEncoding = 4; lastKnownFileType = sourcecode.swift; path = FormPasswordItemData.swift; sourceTree = "<group>"; };
		F61292CC1E4CA57900051B24 /* FormPasswordItemCell.swift */ = {isa = PBXFileReference; fileEncoding = 4; lastKnownFileType = sourcecode.swift; path = FormPasswordItemCell.swift; sourceTree = "<group>"; };
		F63A78A21E4B2FDA004FE25E /* SettingsModule.swift */ = {isa = PBXFileReference; fileEncoding = 4; lastKnownFileType = sourcecode.swift; path = SettingsModule.swift; sourceTree = "<group>"; };
		F63A78A51E4B3EA7004FE25E /* Form.swift */ = {isa = PBXFileReference; fileEncoding = 4; lastKnownFileType = sourcecode.swift; path = Form.swift; sourceTree = "<group>"; };
		F63A78A91E4B3EE8004FE25E /* FormValueItemData.swift */ = {isa = PBXFileReference; fileEncoding = 4; lastKnownFileType = sourcecode.swift; path = FormValueItemData.swift; sourceTree = "<group>"; };
		F63A78AB1E4B3F0C004FE25E /* FormButtonItemData.swift */ = {isa = PBXFileReference; fileEncoding = 4; lastKnownFileType = sourcecode.swift; path = FormButtonItemData.swift; sourceTree = "<group>"; };
		F63A78AC1E4B3F0C004FE25E /* FormSectionData.swift */ = {isa = PBXFileReference; fileEncoding = 4; lastKnownFileType = sourcecode.swift; path = FormSectionData.swift; sourceTree = "<group>"; };
		F63A78AD1E4B3F0C004FE25E /* FormTextItemData.swift */ = {isa = PBXFileReference; fileEncoding = 4; lastKnownFileType = sourcecode.swift; path = FormTextItemData.swift; sourceTree = "<group>"; };
		F63A78AE1E4B3F0C004FE25E /* FormURLItemData.swift */ = {isa = PBXFileReference; fileEncoding = 4; lastKnownFileType = sourcecode.swift; path = FormURLItemData.swift; sourceTree = "<group>"; };
		F63A78B31E4B3F30004FE25E /* FormButtonItemCell.swift */ = {isa = PBXFileReference; fileEncoding = 4; lastKnownFileType = sourcecode.swift; path = FormButtonItemCell.swift; sourceTree = "<group>"; };
		F63A78B41E4B3F30004FE25E /* FormTextItemCell.swift */ = {isa = PBXFileReference; fileEncoding = 4; lastKnownFileType = sourcecode.swift; path = FormTextItemCell.swift; sourceTree = "<group>"; };
		F63A78B51E4B3F30004FE25E /* FormURLItemCell.swift */ = {isa = PBXFileReference; fileEncoding = 4; lastKnownFileType = sourcecode.swift; path = FormURLItemCell.swift; sourceTree = "<group>"; };
		F63A78B61E4B3F30004FE25E /* FormValueItemCell.swift */ = {isa = PBXFileReference; fileEncoding = 4; lastKnownFileType = sourcecode.swift; path = FormValueItemCell.swift; sourceTree = "<group>"; };
		F63A78BC1E4B3FBA004FE25E /* UITableViewCellAction.swift */ = {isa = PBXFileReference; fileEncoding = 4; lastKnownFileType = sourcecode.swift; path = UITableViewCellAction.swift; sourceTree = "<group>"; };
		F63A78BD1E4B3FBA004FE25E /* UICollectionViewCellAction.swift */ = {isa = PBXFileReference; fileEncoding = 4; lastKnownFileType = sourcecode.swift; path = UICollectionViewCellAction.swift; sourceTree = "<group>"; };
		F63A78C11E4B4102004FE25E /* FormViewController.swift */ = {isa = PBXFileReference; fileEncoding = 4; lastKnownFileType = sourcecode.swift; path = FormViewController.swift; sourceTree = "<group>"; };
		F63D05AE1E4B860C0047F7F0 /* SettingsDataSource.swift */ = {isa = PBXFileReference; fileEncoding = 4; lastKnownFileType = sourcecode.swift; path = SettingsDataSource.swift; sourceTree = "<group>"; };
		F63D05B01E4B86230047F7F0 /* SettingsPresenter.swift */ = {isa = PBXFileReference; fileEncoding = 4; lastKnownFileType = sourcecode.swift; path = SettingsPresenter.swift; sourceTree = "<group>"; };
		F63D05B21E4B865F0047F7F0 /* SettingsView.swift */ = {isa = PBXFileReference; fileEncoding = 4; lastKnownFileType = sourcecode.swift; path = SettingsView.swift; sourceTree = "<group>"; };
		F63D05B41E4B86720047F7F0 /* SettingsViewController.swift */ = {isa = PBXFileReference; fileEncoding = 4; lastKnownFileType = sourcecode.swift; path = SettingsViewController.swift; sourceTree = "<group>"; };
		F63D928C1E646622004618DF /* ResourceDetailsModule.swift */ = {isa = PBXFileReference; fileEncoding = 4; lastKnownFileType = sourcecode.swift; path = ResourceDetailsModule.swift; sourceTree = "<group>"; };
		F63D928E1E646D45004618DF /* ResourceDetailsDataSource.swift */ = {isa = PBXFileReference; fileEncoding = 4; lastKnownFileType = sourcecode.swift; path = ResourceDetailsDataSource.swift; sourceTree = "<group>"; };
		F63F52351E48AFAA006DAF83 /* CloudUI.framework */ = {isa = PBXFileReference; explicitFileType = wrapper.framework; includeInIndex = 0; path = CloudUI.framework; sourceTree = BUILT_PRODUCTS_DIR; };
		F63F52381E48AFAA006DAF83 /* CloudUI.h */ = {isa = PBXFileReference; lastKnownFileType = sourcecode.c.h; path = CloudUI.h; sourceTree = "<group>"; };
		F63F52391E48AFAA006DAF83 /* Info.plist */ = {isa = PBXFileReference; lastKnownFileType = text.plist.xml; path = Info.plist; sourceTree = "<group>"; };
		F63F523E1E48AFAA006DAF83 /* CloudUITests.xctest */ = {isa = PBXFileReference; explicitFileType = wrapper.cfbundle; includeInIndex = 0; path = CloudUITests.xctest; sourceTree = BUILT_PRODUCTS_DIR; };
		F63F52431E48AFAA006DAF83 /* CloudUITests.swift */ = {isa = PBXFileReference; lastKnownFileType = sourcecode.swift; path = CloudUITests.swift; sourceTree = "<group>"; };
		F63F52451E48AFAA006DAF83 /* Info.plist */ = {isa = PBXFileReference; lastKnownFileType = text.plist.xml; path = Info.plist; sourceTree = "<group>"; };
		F63F52541E48B24A006DAF83 /* Fountain.framework */ = {isa = PBXFileReference; lastKnownFileType = wrapper.framework; name = Fountain.framework; path = ../Carthage/Build/iOS/Fountain.framework; sourceTree = "<group>"; };
		F63F52551E48B24A006DAF83 /* PureXML.framework */ = {isa = PBXFileReference; lastKnownFileType = wrapper.framework; name = PureXML.framework; path = ../Carthage/Build/iOS/PureXML.framework; sourceTree = "<group>"; };
		F63F52561E48B24A006DAF83 /* SQLite.framework */ = {isa = PBXFileReference; lastKnownFileType = wrapper.framework; name = SQLite.framework; path = ../Carthage/Build/iOS/SQLite.framework; sourceTree = "<group>"; };
		F63F52641E48B350006DAF83 /* UserInterfaceModule.swift */ = {isa = PBXFileReference; fileEncoding = 4; lastKnownFileType = sourcecode.swift; path = UserInterfaceModule.swift; sourceTree = "<group>"; };
		F63F526B1E48B3AC006DAF83 /* AccountListModule.swift */ = {isa = PBXFileReference; fileEncoding = 4; lastKnownFileType = sourcecode.swift; path = AccountListModule.swift; sourceTree = "<group>"; };
		F63F526C1E48B3AC006DAF83 /* AccountListPresenter.swift */ = {isa = PBXFileReference; fileEncoding = 4; lastKnownFileType = sourcecode.swift; path = AccountListPresenter.swift; sourceTree = "<group>"; };
		F63F526D1E48B3AC006DAF83 /* AccountListDataSource.swift */ = {isa = PBXFileReference; fileEncoding = 4; lastKnownFileType = sourcecode.swift; path = AccountListDataSource.swift; sourceTree = "<group>"; };
		F63F526E1E48B3AC006DAF83 /* AccountListView.swift */ = {isa = PBXFileReference; fileEncoding = 4; lastKnownFileType = sourcecode.swift; path = AccountListView.swift; sourceTree = "<group>"; };
		F63F526F1E48B3AC006DAF83 /* AccountListViewController.swift */ = {isa = PBXFileReference; fileEncoding = 4; lastKnownFileType = sourcecode.swift; path = AccountListViewController.swift; sourceTree = "<group>"; };
		F63F52701E48B3AC006DAF83 /* AccountListCell.swift */ = {isa = PBXFileReference; fileEncoding = 4; lastKnownFileType = sourcecode.swift; path = AccountListCell.swift; sourceTree = "<group>"; };
		F63F52771E48B3B3006DAF83 /* MainModule.swift */ = {isa = PBXFileReference; fileEncoding = 4; lastKnownFileType = sourcecode.swift; path = MainModule.swift; sourceTree = "<group>"; };
		F63F527B1E48B3C0006DAF83 /* ResourceBrowserModule.swift */ = {isa = PBXFileReference; fileEncoding = 4; lastKnownFileType = sourcecode.swift; path = ResourceBrowserModule.swift; sourceTree = "<group>"; };
		F63F527D1E48B3CB006DAF83 /* ResourceListModule.swift */ = {isa = PBXFileReference; fileEncoding = 4; lastKnownFileType = sourcecode.swift; path = ResourceListModule.swift; sourceTree = "<group>"; };
		F63F527E1E48B3CB006DAF83 /* ResourceListPresenter.swift */ = {isa = PBXFileReference; fileEncoding = 4; lastKnownFileType = sourcecode.swift; path = ResourceListPresenter.swift; sourceTree = "<group>"; };
		F63F527F1E48B3CB006DAF83 /* ResourceListDataSource.swift */ = {isa = PBXFileReference; fileEncoding = 4; lastKnownFileType = sourcecode.swift; path = ResourceListDataSource.swift; sourceTree = "<group>"; };
		F63F52801E48B3CB006DAF83 /* ResourceListView.swift */ = {isa = PBXFileReference; fileEncoding = 4; lastKnownFileType = sourcecode.swift; path = ResourceListView.swift; sourceTree = "<group>"; };
		F63F52811E48B3CB006DAF83 /* ResourceListViewController.swift */ = {isa = PBXFileReference; fileEncoding = 4; lastKnownFileType = sourcecode.swift; path = ResourceListViewController.swift; sourceTree = "<group>"; };
		F63F52821E48B3CB006DAF83 /* ResourceListCell.swift */ = {isa = PBXFileReference; fileEncoding = 4; lastKnownFileType = sourcecode.swift; path = ResourceListCell.swift; sourceTree = "<group>"; };
		F67DACF11E5D90E100C16B8E /* DownloadButton.swift */ = {isa = PBXFileReference; fileEncoding = 4; lastKnownFileType = sourcecode.swift; path = DownloadButton.swift; sourceTree = "<group>"; };
		F67DACF31E5D91F400C16B8E /* StyleKit.swift */ = {isa = PBXFileReference; fileEncoding = 4; lastKnownFileType = sourcecode.swift; path = StyleKit.swift; sourceTree = "<group>"; };
		F67DACF51E5D94ED00C16B8E /* ProgressView.swift */ = {isa = PBXFileReference; fileEncoding = 4; lastKnownFileType = sourcecode.swift; path = ProgressView.swift; sourceTree = "<group>"; };
		F6E83A6B1E6AB6DF001CD205 /* SettingsDataSourceTests.swift */ = {isa = PBXFileReference; fileEncoding = 4; lastKnownFileType = sourcecode.swift; path = SettingsDataSourceTests.swift; sourceTree = "<group>"; };
		F6E83A6D1E6ABD82001CD205 /* CloudService.framework */ = {isa = PBXFileReference; lastKnownFileType = wrapper.framework; name = CloudService.framework; path = ../Carthage/Build/iOS/CloudService.framework; sourceTree = "<group>"; };
		F6E83A6E1E6ABD82001CD205 /* KeyChain.framework */ = {isa = PBXFileReference; lastKnownFileType = wrapper.framework; name = KeyChain.framework; path = ../Carthage/Build/iOS/KeyChain.framework; sourceTree = "<group>"; };
		F6E83A731E6AC0A2001CD205 /* CloudServiceSettingsInteractor.swift */ = {isa = PBXFileReference; fileEncoding = 4; lastKnownFileType = sourcecode.swift; path = CloudServiceSettingsInteractor.swift; sourceTree = "<group>"; };
/* End PBXFileReference section */

/* Begin PBXFrameworksBuildPhase section */
		F63F52311E48AFAA006DAF83 /* Frameworks */ = {
			isa = PBXFrameworksBuildPhase;
			buildActionMask = 2147483647;
			files = (
				F6E83A6F1E6ABD82001CD205 /* CloudService.framework in Frameworks */,
				F6E83A701E6ABD82001CD205 /* KeyChain.framework in Frameworks */,
				F63F52591E48B24A006DAF83 /* Fountain.framework in Frameworks */,
				F63F525A1E48B24A006DAF83 /* PureXML.framework in Frameworks */,
				F63F525B1E48B24A006DAF83 /* SQLite.framework in Frameworks */,
			);
			runOnlyForDeploymentPostprocessing = 0;
		};
		F63F523B1E48AFAA006DAF83 /* Frameworks */ = {
			isa = PBXFrameworksBuildPhase;
			buildActionMask = 2147483647;
			files = (
				F63F523F1E48AFAA006DAF83 /* CloudUI.framework in Frameworks */,
				F63F525E1E48B255006DAF83 /* Fountain.framework in Frameworks */,
				F63F525F1E48B255006DAF83 /* PureXML.framework in Frameworks */,
				F63F52601E48B255006DAF83 /* SQLite.framework in Frameworks */,
				F6E83A711E6ABD90001CD205 /* CloudService.framework in Frameworks */,
				F6E83A721E6ABD90001CD205 /* KeyChain.framework in Frameworks */,
			);
			runOnlyForDeploymentPostprocessing = 0;
		};
/* End PBXFrameworksBuildPhase section */

/* Begin PBXGroup section */
		F63A78A11E4B2FBF004FE25E /* Settings */ = {
			isa = PBXGroup;
			children = (
				F63D05AE1E4B860C0047F7F0 /* SettingsDataSource.swift */,
				F63A78A21E4B2FDA004FE25E /* SettingsModule.swift */,
				F63D05B01E4B86230047F7F0 /* SettingsPresenter.swift */,
				F63D05B21E4B865F0047F7F0 /* SettingsView.swift */,
				F63D05B41E4B86720047F7F0 /* SettingsViewController.swift */,
			);
			name = Settings;
			sourceTree = "<group>";
		};
		F63A78A41E4B3E99004FE25E /* Form */ = {
			isa = PBXGroup;
			children = (
				F63A78A51E4B3EA7004FE25E /* Form.swift */,
				F63A78A81E4B3ECA004FE25E /* Cell */,
				F63A78C01E4B40E6004FE25E /* Controller */,
				F63A78A71E4B3EC2004FE25E /* Data */,
			);
			name = Form;
			sourceTree = "<group>";
		};
		F63A78A71E4B3EC2004FE25E /* Data */ = {
			isa = PBXGroup;
			children = (
				F63A78A91E4B3EE8004FE25E /* FormValueItemData.swift */,
				F63A78AB1E4B3F0C004FE25E /* FormButtonItemData.swift */,
				F63A78AC1E4B3F0C004FE25E /* FormSectionData.swift */,
				F63A78AD1E4B3F0C004FE25E /* FormTextItemData.swift */,
				F61292CA1E4CA54C00051B24 /* FormPasswordItemData.swift */,
				F63A78AE1E4B3F0C004FE25E /* FormURLItemData.swift */,
			);
			name = Data;
			sourceTree = "<group>";
		};
		F63A78A81E4B3ECA004FE25E /* Cell */ = {
			isa = PBXGroup;
			children = (
				F63A78B31E4B3F30004FE25E /* FormButtonItemCell.swift */,
				F63A78B41E4B3F30004FE25E /* FormTextItemCell.swift */,
				F61292CC1E4CA57900051B24 /* FormPasswordItemCell.swift */,
				F63A78B51E4B3F30004FE25E /* FormURLItemCell.swift */,
				F63A78B61E4B3F30004FE25E /* FormValueItemCell.swift */,
			);
			name = Cell;
			sourceTree = "<group>";
		};
		F63A78BB1E4B3FAF004FE25E /* Additions */ = {
			isa = PBXGroup;
			children = (
				F63A78BD1E4B3FBA004FE25E /* UICollectionViewCellAction.swift */,
				F63A78BC1E4B3FBA004FE25E /* UITableViewCellAction.swift */,
			);
			name = Additions;
			sourceTree = "<group>";
		};
		F63A78C01E4B40E6004FE25E /* Controller */ = {
			isa = PBXGroup;
			children = (
				F63A78C11E4B4102004FE25E /* FormViewController.swift */,
			);
			name = Controller;
			sourceTree = "<group>";
		};
		F63D928B1E646604004618DF /* Resource Details */ = {
			isa = PBXGroup;
			children = (
				F63D928C1E646622004618DF /* ResourceDetailsModule.swift */,
				F63D928E1E646D45004618DF /* ResourceDetailsDataSource.swift */,
			);
			name = "Resource Details";
			sourceTree = "<group>";
		};
		F63F522B1E48AFAA006DAF83 = {
			isa = PBXGroup;
			children = (
				F63F52371E48AFAA006DAF83 /* CloudUI */,
				F63F52421E48AFAA006DAF83 /* CloudUITests */,
				F63F52361E48AFAA006DAF83 /* Products */,
				F63F52511E48B249006DAF83 /* Frameworks */,
			);
			sourceTree = "<group>";
		};
		F63F52361E48AFAA006DAF83 /* Products */ = {
			isa = PBXGroup;
			children = (
				F63F52351E48AFAA006DAF83 /* CloudUI.framework */,
				F63F523E1E48AFAA006DAF83 /* CloudUITests.xctest */,
			);
			name = Products;
			sourceTree = "<group>";
		};
		F63F52371E48AFAA006DAF83 /* CloudUI */ = {
			isa = PBXGroup;
			children = (
				F63A78BB1E4B3FAF004FE25E /* Additions */,
				F63F52621E48B33D006DAF83 /* Common */,
				F6E83A761E6AC243001CD205 /* Interactors */,
				F63F52631E48B343006DAF83 /* Modules */,
				F63F524F1E48AFC8006DAF83 /* Supporting Files */,
			);
			path = CloudUI;
			sourceTree = "<group>";
		};
		F63F52421E48AFAA006DAF83 /* CloudUITests */ = {
			isa = PBXGroup;
			children = (
				F63F52431E48AFAA006DAF83 /* CloudUITests.swift */,
				F6E83A6A1E6AB6CD001CD205 /* Settings */,
				F63F52501E48AFD3006DAF83 /* Supporting Files */,
			);
			path = CloudUITests;
			sourceTree = "<group>";
		};
		F63F524F1E48AFC8006DAF83 /* Supporting Files */ = {
			isa = PBXGroup;
			children = (
				F63F52381E48AFAA006DAF83 /* CloudUI.h */,
				F63F52391E48AFAA006DAF83 /* Info.plist */,
			);
			name = "Supporting Files";
			sourceTree = "<group>";
		};
		F63F52501E48AFD3006DAF83 /* Supporting Files */ = {
			isa = PBXGroup;
			children = (
				F63F52451E48AFAA006DAF83 /* Info.plist */,
			);
			name = "Supporting Files";
			sourceTree = "<group>";
		};
		F63F52511E48B249006DAF83 /* Frameworks */ = {
			isa = PBXGroup;
			children = (
				F6E83A6D1E6ABD82001CD205 /* CloudService.framework */,
				F6E83A6E1E6ABD82001CD205 /* KeyChain.framework */,
				F63F52541E48B24A006DAF83 /* Fountain.framework */,
				F63F52551E48B24A006DAF83 /* PureXML.framework */,
				F63F52561E48B24A006DAF83 /* SQLite.framework */,
			);
			name = Frameworks;
			sourceTree = "<group>";
		};
		F63F52621E48B33D006DAF83 /* Common */ = {
			isa = PBXGroup;
			children = (
				F67DACF31E5D91F400C16B8E /* StyleKit.swift */,
				F67DACF11E5D90E100C16B8E /* DownloadButton.swift */,
				F67DACF51E5D94ED00C16B8E /* ProgressView.swift */,
				F63A78A41E4B3E99004FE25E /* Form */,
			);
			name = Common;
			sourceTree = "<group>";
		};
		F63F52631E48B343006DAF83 /* Modules */ = {
			isa = PBXGroup;
			children = (
				F63F52641E48B350006DAF83 /* UserInterfaceModule.swift */,
				F63F52661E48B36C006DAF83 /* Account List */,
				F63F52671E48B374006DAF83 /* Main */,
				F63F52691E48B37E006DAF83 /* Resource Browser */,
				F63D928B1E646604004618DF /* Resource Details */,
				F63F526A1E48B386006DAF83 /* Resource List */,
				F63A78A11E4B2FBF004FE25E /* Settings */,
			);
			name = Modules;
			sourceTree = "<group>";
		};
		F63F52661E48B36C006DAF83 /* Account List */ = {
			isa = PBXGroup;
			children = (
				F63F526B1E48B3AC006DAF83 /* AccountListModule.swift */,
				F63F526C1E48B3AC006DAF83 /* AccountListPresenter.swift */,
				F63F526D1E48B3AC006DAF83 /* AccountListDataSource.swift */,
				F63F526E1E48B3AC006DAF83 /* AccountListView.swift */,
				F63F526F1E48B3AC006DAF83 /* AccountListViewController.swift */,
				F63F52701E48B3AC006DAF83 /* AccountListCell.swift */,
			);
			name = "Account List";
			sourceTree = "<group>";
		};
		F63F52671E48B374006DAF83 /* Main */ = {
			isa = PBXGroup;
			children = (
				F63F52771E48B3B3006DAF83 /* MainModule.swift */,
			);
			name = Main;
			sourceTree = "<group>";
		};
		F63F52691E48B37E006DAF83 /* Resource Browser */ = {
			isa = PBXGroup;
			children = (
				F63F527B1E48B3C0006DAF83 /* ResourceBrowserModule.swift */,
			);
			name = "Resource Browser";
			sourceTree = "<group>";
		};
		F63F526A1E48B386006DAF83 /* Resource List */ = {
			isa = PBXGroup;
			children = (
				F63F527D1E48B3CB006DAF83 /* ResourceListModule.swift */,
				F63F527E1E48B3CB006DAF83 /* ResourceListPresenter.swift */,
				F63F527F1E48B3CB006DAF83 /* ResourceListDataSource.swift */,
				F63F52801E48B3CB006DAF83 /* ResourceListView.swift */,
				F63F52811E48B3CB006DAF83 /* ResourceListViewController.swift */,
				F63F52821E48B3CB006DAF83 /* ResourceListCell.swift */,
			);
			name = "Resource List";
			sourceTree = "<group>";
		};
		F6E83A6A1E6AB6CD001CD205 /* Settings */ = {
			isa = PBXGroup;
			children = (
				F6E83A6B1E6AB6DF001CD205 /* SettingsDataSourceTests.swift */,
			);
			name = Settings;
			sourceTree = "<group>";
		};
		F6E83A761E6AC243001CD205 /* Interactors */ = {
			isa = PBXGroup;
			children = (
				F6E83A731E6AC0A2001CD205 /* CloudServiceSettingsInteractor.swift */,
			);
			name = Interactors;
			sourceTree = "<group>";
		};
/* End PBXGroup section */

/* Begin PBXHeadersBuildPhase section */
		F63F52321E48AFAA006DAF83 /* Headers */ = {
			isa = PBXHeadersBuildPhase;
			buildActionMask = 2147483647;
			files = (
				F63F52461E48AFAA006DAF83 /* CloudUI.h in Headers */,
			);
			runOnlyForDeploymentPostprocessing = 0;
		};
/* End PBXHeadersBuildPhase section */

/* Begin PBXNativeTarget section */
		F63F52341E48AFAA006DAF83 /* iOS */ = {
			isa = PBXNativeTarget;
			buildConfigurationList = F63F52491E48AFAA006DAF83 /* Build configuration list for PBXNativeTarget "iOS" */;
			buildPhases = (
				F63F52301E48AFAA006DAF83 /* Sources */,
				F63F52311E48AFAA006DAF83 /* Frameworks */,
				F63F52321E48AFAA006DAF83 /* Headers */,
				F63F52331E48AFAA006DAF83 /* Resources */,
			);
			buildRules = (
			);
			dependencies = (
			);
			name = iOS;
			productName = CloudUI;
			productReference = F63F52351E48AFAA006DAF83 /* CloudUI.framework */;
			productType = "com.apple.product-type.framework";
		};
		F63F523D1E48AFAA006DAF83 /* iOSTests */ = {
			isa = PBXNativeTarget;
			buildConfigurationList = F63F524C1E48AFAA006DAF83 /* Build configuration list for PBXNativeTarget "iOSTests" */;
			buildPhases = (
				F63F523A1E48AFAA006DAF83 /* Sources */,
				F63F523B1E48AFAA006DAF83 /* Frameworks */,
				F63F523C1E48AFAA006DAF83 /* Resources */,
				F63F52611E48B259006DAF83 /* Carthage */,
			);
			buildRules = (
			);
			dependencies = (
				F63F52411E48AFAA006DAF83 /* PBXTargetDependency */,
			);
			name = iOSTests;
			productName = CloudUITests;
			productReference = F63F523E1E48AFAA006DAF83 /* CloudUITests.xctest */;
			productType = "com.apple.product-type.bundle.unit-test";
		};
/* End PBXNativeTarget section */

/* Begin PBXProject section */
		F63F522C1E48AFAA006DAF83 /* Project object */ = {
			isa = PBXProject;
			attributes = {
				LastSwiftUpdateCheck = 0820;
				LastUpgradeCheck = 0820;
				ORGANIZATIONNAME = "Tobias Kräntzer";
				TargetAttributes = {
					F63F52341E48AFAA006DAF83 = {
						CreatedOnToolsVersion = 8.2.1;
						LastSwiftMigration = 0820;
						ProvisioningStyle = Manual;
					};
					F63F523D1E48AFAA006DAF83 = {
						CreatedOnToolsVersion = 8.2.1;
						ProvisioningStyle = Manual;
					};
				};
			};
			buildConfigurationList = F63F522F1E48AFAA006DAF83 /* Build configuration list for PBXProject "CloudUI" */;
			compatibilityVersion = "Xcode 3.2";
			developmentRegion = English;
			hasScannedForEncodings = 0;
			knownRegions = (
				en,
			);
			mainGroup = F63F522B1E48AFAA006DAF83;
			productRefGroup = F63F52361E48AFAA006DAF83 /* Products */;
			projectDirPath = "";
			projectRoot = "";
			targets = (
				F63F52341E48AFAA006DAF83 /* iOS */,
				F63F523D1E48AFAA006DAF83 /* iOSTests */,
			);
		};
/* End PBXProject section */

/* Begin PBXResourcesBuildPhase section */
		F63F52331E48AFAA006DAF83 /* Resources */ = {
			isa = PBXResourcesBuildPhase;
			buildActionMask = 2147483647;
			files = (
			);
			runOnlyForDeploymentPostprocessing = 0;
		};
		F63F523C1E48AFAA006DAF83 /* Resources */ = {
			isa = PBXResourcesBuildPhase;
			buildActionMask = 2147483647;
			files = (
			);
			runOnlyForDeploymentPostprocessing = 0;
		};
/* End PBXResourcesBuildPhase section */

/* Begin PBXShellScriptBuildPhase section */
		F63F52611E48B259006DAF83 /* Carthage */ = {
			isa = PBXShellScriptBuildPhase;
			buildActionMask = 2147483647;
			files = (
			);
			inputPaths = (
				"$(SRCROOT)/../Carthage/Build/iOS/CloudService.framework",
				"$(SRCROOT)/../Carthage/Build/iOS/PureXML.framework",
				"$(SRCROOT)/../Carthage/Build/iOS/SQLite.framework",
				"$(SRCROOT)/../Carthage/Build/iOS/Fountain.framework",
				"$(SRCROOT)/../Carthage/Build/iOS/KeyChain.framework",
			);
			name = Carthage;
			outputPaths = (
			);
			runOnlyForDeploymentPostprocessing = 0;
			shellPath = /bin/sh;
			shellScript = "/usr/local/bin/carthage copy-frameworks";
		};
/* End PBXShellScriptBuildPhase section */

/* Begin PBXSourcesBuildPhase section */
		F63F52301E48AFAA006DAF83 /* Sources */ = {
			isa = PBXSourcesBuildPhase;
			buildActionMask = 2147483647;
			files = (
				F63F52851E48B3CB006DAF83 /* ResourceListDataSource.swift in Sources */,
				F63F52721E48B3AC006DAF83 /* AccountListPresenter.swift in Sources */,
				F63F52871E48B3CB006DAF83 /* ResourceListViewController.swift in Sources */,
				F63F52761E48B3AC006DAF83 /* AccountListCell.swift in Sources */,
				F63D05AF1E4B860C0047F7F0 /* SettingsDataSource.swift in Sources */,
				F63F527C1E48B3C0006DAF83 /* ResourceBrowserModule.swift in Sources */,
				F63A78A61E4B3EA7004FE25E /* Form.swift in Sources */,
				F63A78A31E4B2FDA004FE25E /* SettingsModule.swift in Sources */,
				F63F52881E48B3CB006DAF83 /* ResourceListCell.swift in Sources */,
				F63A78B81E4B3F30004FE25E /* FormTextItemCell.swift in Sources */,
				F63A78BE1E4B3FBA004FE25E /* UITableViewCellAction.swift in Sources */,
				F63A78AF1E4B3F0C004FE25E /* FormButtonItemData.swift in Sources */,
				F63F52831E48B3CB006DAF83 /* ResourceListModule.swift in Sources */,
				F63A78B71E4B3F30004FE25E /* FormButtonItemCell.swift in Sources */,
				F63F52651E48B350006DAF83 /* UserInterfaceModule.swift in Sources */,
				F6E83A751E6AC236001CD205 /* CloudServiceSettingsInteractor.swift in Sources */,
				F63F52861E48B3CB006DAF83 /* ResourceListView.swift in Sources */,
				F63A78AA1E4B3EE8004FE25E /* FormValueItemData.swift in Sources */,
				F63A78BF1E4B3FBA004FE25E /* UICollectionViewCellAction.swift in Sources */,
				F67DACF41E5D91F400C16B8E /* StyleKit.swift in Sources */,
				F63A78B01E4B3F0C004FE25E /* FormSectionData.swift in Sources */,
				F63D928F1E646D45004618DF /* ResourceDetailsDataSource.swift in Sources */,
				F63A78C21E4B4102004FE25E /* FormViewController.swift in Sources */,
				F63F52751E48B3AC006DAF83 /* AccountListViewController.swift in Sources */,
				F63D05B31E4B865F0047F7F0 /* SettingsView.swift in Sources */,
				F67DACF21E5D90E100C16B8E /* DownloadButton.swift in Sources */,
				F63A78B11E4B3F0C004FE25E /* FormTextItemData.swift in Sources */,
				F63A78B91E4B3F30004FE25E /* FormURLItemCell.swift in Sources */,
				F61292CB1E4CA54C00051B24 /* FormPasswordItemData.swift in Sources */,
				F63F52841E48B3CB006DAF83 /* ResourceListPresenter.swift in Sources */,
				F63F52731E48B3AC006DAF83 /* AccountListDataSource.swift in Sources */,
				F61292CD1E4CA57900051B24 /* FormPasswordItemCell.swift in Sources */,
				F63F52711E48B3AC006DAF83 /* AccountListModule.swift in Sources */,
				F63D05B11E4B86230047F7F0 /* SettingsPresenter.swift in Sources */,
				F63D05B51E4B86720047F7F0 /* SettingsViewController.swift in Sources */,
				F63D928D1E646622004618DF /* ResourceDetailsModule.swift in Sources */,
				F63F52781E48B3B3006DAF83 /* MainModule.swift in Sources */,
				F63F52741E48B3AC006DAF83 /* AccountListView.swift in Sources */,
				F63A78B21E4B3F0C004FE25E /* FormURLItemData.swift in Sources */,
				F63A78BA1E4B3F30004FE25E /* FormValueItemCell.swift in Sources */,
				F67DACF61E5D94ED00C16B8E /* ProgressView.swift in Sources */,
			);
			runOnlyForDeploymentPostprocessing = 0;
		};
		F63F523A1E48AFAA006DAF83 /* Sources */ = {
			isa = PBXSourcesBuildPhase;
			buildActionMask = 2147483647;
			files = (
				F63F52441E48AFAA006DAF83 /* CloudUITests.swift in Sources */,
				F6E83A6C1E6AB6DF001CD205 /* SettingsDataSourceTests.swift in Sources */,
			);
			runOnlyForDeploymentPostprocessing = 0;
		};
/* End PBXSourcesBuildPhase section */

/* Begin PBXTargetDependency section */
		F63F52411E48AFAA006DAF83 /* PBXTargetDependency */ = {
			isa = PBXTargetDependency;
			target = F63F52341E48AFAA006DAF83 /* iOS */;
			targetProxy = F63F52401E48AFAA006DAF83 /* PBXContainerItemProxy */;
		};
/* End PBXTargetDependency section */

/* Begin XCBuildConfiguration section */
		F63F52471E48AFAA006DAF83 /* Debug */ = {
			isa = XCBuildConfiguration;
			buildSettings = {
				ALWAYS_SEARCH_USER_PATHS = NO;
				CLANG_ANALYZER_NONNULL = YES;
				CLANG_CXX_LANGUAGE_STANDARD = "gnu++0x";
				CLANG_CXX_LIBRARY = "libc++";
				CLANG_ENABLE_MODULES = YES;
				CLANG_ENABLE_OBJC_ARC = YES;
				CLANG_WARN_BOOL_CONVERSION = YES;
				CLANG_WARN_CONSTANT_CONVERSION = YES;
				CLANG_WARN_DIRECT_OBJC_ISA_USAGE = YES_ERROR;
				CLANG_WARN_DOCUMENTATION_COMMENTS = YES;
				CLANG_WARN_EMPTY_BODY = YES;
				CLANG_WARN_ENUM_CONVERSION = YES;
				CLANG_WARN_INFINITE_RECURSION = YES;
				CLANG_WARN_INT_CONVERSION = YES;
				CLANG_WARN_OBJC_ROOT_CLASS = YES_ERROR;
				CLANG_WARN_SUSPICIOUS_MOVE = YES;
				CLANG_WARN_UNREACHABLE_CODE = YES;
				CLANG_WARN__DUPLICATE_METHOD_MATCH = YES;
				"CODE_SIGN_IDENTITY[sdk=iphoneos*]" = "iPhone Developer";
				COPY_PHASE_STRIP = NO;
				CURRENT_PROJECT_VERSION = 1;
				DEBUG_INFORMATION_FORMAT = dwarf;
				ENABLE_STRICT_OBJC_MSGSEND = YES;
				ENABLE_TESTABILITY = YES;
				GCC_C_LANGUAGE_STANDARD = gnu99;
				GCC_DYNAMIC_NO_PIC = NO;
				GCC_NO_COMMON_BLOCKS = YES;
				GCC_OPTIMIZATION_LEVEL = 0;
				GCC_PREPROCESSOR_DEFINITIONS = (
					"DEBUG=1",
					"$(inherited)",
				);
				GCC_WARN_64_TO_32_BIT_CONVERSION = YES;
				GCC_WARN_ABOUT_RETURN_TYPE = YES_ERROR;
				GCC_WARN_UNDECLARED_SELECTOR = YES;
				GCC_WARN_UNINITIALIZED_AUTOS = YES_AGGRESSIVE;
				GCC_WARN_UNUSED_FUNCTION = YES;
				GCC_WARN_UNUSED_VARIABLE = YES;
				IPHONEOS_DEPLOYMENT_TARGET = 9.3;
				MTL_ENABLE_DEBUG_INFO = YES;
				ONLY_ACTIVE_ARCH = YES;
				SDKROOT = iphoneos;
				SWIFT_ACTIVE_COMPILATION_CONDITIONS = DEBUG;
				SWIFT_OPTIMIZATION_LEVEL = "-Onone";
				TARGETED_DEVICE_FAMILY = "1,2";
				VERSIONING_SYSTEM = "apple-generic";
				VERSION_INFO_PREFIX = "";
			};
			name = Debug;
		};
		F63F52481E48AFAA006DAF83 /* Release */ = {
			isa = XCBuildConfiguration;
			buildSettings = {
				ALWAYS_SEARCH_USER_PATHS = NO;
				CLANG_ANALYZER_NONNULL = YES;
				CLANG_CXX_LANGUAGE_STANDARD = "gnu++0x";
				CLANG_CXX_LIBRARY = "libc++";
				CLANG_ENABLE_MODULES = YES;
				CLANG_ENABLE_OBJC_ARC = YES;
				CLANG_WARN_BOOL_CONVERSION = YES;
				CLANG_WARN_CONSTANT_CONVERSION = YES;
				CLANG_WARN_DIRECT_OBJC_ISA_USAGE = YES_ERROR;
				CLANG_WARN_DOCUMENTATION_COMMENTS = YES;
				CLANG_WARN_EMPTY_BODY = YES;
				CLANG_WARN_ENUM_CONVERSION = YES;
				CLANG_WARN_INFINITE_RECURSION = YES;
				CLANG_WARN_INT_CONVERSION = YES;
				CLANG_WARN_OBJC_ROOT_CLASS = YES_ERROR;
				CLANG_WARN_SUSPICIOUS_MOVE = YES;
				CLANG_WARN_UNREACHABLE_CODE = YES;
				CLANG_WARN__DUPLICATE_METHOD_MATCH = YES;
				"CODE_SIGN_IDENTITY[sdk=iphoneos*]" = "iPhone Developer";
				COPY_PHASE_STRIP = NO;
				CURRENT_PROJECT_VERSION = 1;
				DEBUG_INFORMATION_FORMAT = "dwarf-with-dsym";
				ENABLE_NS_ASSERTIONS = NO;
				ENABLE_STRICT_OBJC_MSGSEND = YES;
				GCC_C_LANGUAGE_STANDARD = gnu99;
				GCC_NO_COMMON_BLOCKS = YES;
				GCC_WARN_64_TO_32_BIT_CONVERSION = YES;
				GCC_WARN_ABOUT_RETURN_TYPE = YES_ERROR;
				GCC_WARN_UNDECLARED_SELECTOR = YES;
				GCC_WARN_UNINITIALIZED_AUTOS = YES_AGGRESSIVE;
				GCC_WARN_UNUSED_FUNCTION = YES;
				GCC_WARN_UNUSED_VARIABLE = YES;
				IPHONEOS_DEPLOYMENT_TARGET = 9.3;
				MTL_ENABLE_DEBUG_INFO = NO;
				SDKROOT = iphoneos;
				SWIFT_OPTIMIZATION_LEVEL = "-Owholemodule";
				TARGETED_DEVICE_FAMILY = "1,2";
				VALIDATE_PRODUCT = YES;
				VERSIONING_SYSTEM = "apple-generic";
				VERSION_INFO_PREFIX = "";
			};
			name = Release;
		};
		F63F524A1E48AFAA006DAF83 /* Debug */ = {
			isa = XCBuildConfiguration;
			buildSettings = {
				APPLICATION_EXTENSION_API_ONLY = YES;
				CLANG_ENABLE_MODULES = YES;
				CODE_SIGN_IDENTITY = "";
				DEFINES_MODULE = YES;
				DEVELOPMENT_TEAM = "";
				DYLIB_COMPATIBILITY_VERSION = 1;
				DYLIB_CURRENT_VERSION = 1;
				DYLIB_INSTALL_NAME_BASE = "@rpath";
				FRAMEWORK_SEARCH_PATHS = "$(SRCROOT)/../Carthage/Build/iOS/";
				INFOPLIST_FILE = CloudUI/Info.plist;
				INSTALL_PATH = "$(LOCAL_LIBRARY_DIR)/Frameworks";
				LD_RUNPATH_SEARCH_PATHS = "$(inherited) @executable_path/Frameworks @loader_path/Frameworks";
				PRODUCT_BUNDLE_IDENTIFIER = im.intercambio.CloudUI;
				PRODUCT_NAME = CloudUI;
				SKIP_INSTALL = YES;
				SWIFT_OPTIMIZATION_LEVEL = "-Onone";
				SWIFT_VERSION = 3.0;
			};
			name = Debug;
		};
		F63F524B1E48AFAA006DAF83 /* Release */ = {
			isa = XCBuildConfiguration;
			buildSettings = {
				APPLICATION_EXTENSION_API_ONLY = YES;
				CLANG_ENABLE_MODULES = YES;
				CODE_SIGN_IDENTITY = "";
				DEFINES_MODULE = YES;
				DEVELOPMENT_TEAM = "";
				DYLIB_COMPATIBILITY_VERSION = 1;
				DYLIB_CURRENT_VERSION = 1;
				DYLIB_INSTALL_NAME_BASE = "@rpath";
				FRAMEWORK_SEARCH_PATHS = "$(SRCROOT)/../Carthage/Build/iOS/";
				INFOPLIST_FILE = CloudUI/Info.plist;
				INSTALL_PATH = "$(LOCAL_LIBRARY_DIR)/Frameworks";
				LD_RUNPATH_SEARCH_PATHS = "$(inherited) @executable_path/Frameworks @loader_path/Frameworks";
				PRODUCT_BUNDLE_IDENTIFIER = im.intercambio.CloudUI;
				PRODUCT_NAME = CloudUI;
				SKIP_INSTALL = YES;
				SWIFT_VERSION = 3.0;
			};
			name = Release;
		};
		F63F524D1E48AFAA006DAF83 /* Debug */ = {
			isa = XCBuildConfiguration;
			buildSettings = {
				ALWAYS_EMBED_SWIFT_STANDARD_LIBRARIES = YES;
				DEVELOPMENT_TEAM = "";
				FRAMEWORK_SEARCH_PATHS = "$(SRCROOT)/../Carthage/Build/iOS/";
				INFOPLIST_FILE = CloudUITests/Info.plist;
				LD_RUNPATH_SEARCH_PATHS = "$(inherited) @executable_path/Frameworks @loader_path/Frameworks";
				PRODUCT_BUNDLE_IDENTIFIER = im.intercambio.CloudUITests;
				PRODUCT_NAME = CloudUITests;
				SWIFT_VERSION = 3.0;
			};
			name = Debug;
		};
		F63F524E1E48AFAA006DAF83 /* Release */ = {
			isa = XCBuildConfiguration;
			buildSettings = {
				ALWAYS_EMBED_SWIFT_STANDARD_LIBRARIES = YES;
				DEVELOPMENT_TEAM = "";
				FRAMEWORK_SEARCH_PATHS = "$(SRCROOT)/../Carthage/Build/iOS/";
				INFOPLIST_FILE = CloudUITests/Info.plist;
				LD_RUNPATH_SEARCH_PATHS = "$(inherited) @executable_path/Frameworks @loader_path/Frameworks";
				PRODUCT_BUNDLE_IDENTIFIER = im.intercambio.CloudUITests;
				PRODUCT_NAME = CloudUITests;
				SWIFT_VERSION = 3.0;
			};
			name = Release;
		};
/* End XCBuildConfiguration section */

/* Begin XCConfigurationList section */
		F63F522F1E48AFAA006DAF83 /* Build configuration list for PBXProject "CloudUI" */ = {
			isa = XCConfigurationList;
			buildConfigurations = (
				F63F52471E48AFAA006DAF83 /* Debug */,
				F63F52481E48AFAA006DAF83 /* Release */,
			);
			defaultConfigurationIsVisible = 0;
			defaultConfigurationName = Release;
		};
		F63F52491E48AFAA006DAF83 /* Build configuration list for PBXNativeTarget "iOS" */ = {
			isa = XCConfigurationList;
			buildConfigurations = (
				F63F524A1E48AFAA006DAF83 /* Debug */,
				F63F524B1E48AFAA006DAF83 /* Release */,
			);
			defaultConfigurationIsVisible = 0;
			defaultConfigurationName = Release;
		};
		F63F524C1E48AFAA006DAF83 /* Build configuration list for PBXNativeTarget "iOSTests" */ = {
			isa = XCConfigurationList;
			buildConfigurations = (
				F63F524D1E48AFAA006DAF83 /* Debug */,
				F63F524E1E48AFAA006DAF83 /* Release */,
			);
			defaultConfigurationIsVisible = 0;
			defaultConfigurationName = Release;
		};
/* End XCConfigurationList section */
	};
	rootObject = F63F522C1E48AFAA006DAF83 /* Project object */;
}
